// !$*UTF8*$!
{
	archiveVersion = 1;
	classes = {
	};
	objectVersion = 46;
	objects = {

/* Begin PBXBuildFile section */
		A882774B186BE97700CF6D27 /* main.c in Sources */ = {isa = PBXBuildFile; fileRef = A882774A186BE97700CF6D27 /* main.c */; };
		A882774D186BE97700CF6D27 /* StructChallenge.1 in CopyFiles */ = {isa = PBXBuildFile; fileRef = A882774C186BE97700CF6D27 /* StructChallenge.1 */; };
/* End PBXBuildFile section */

/* Begin PBXCopyFilesBuildPhase section */
		A8827745186BE97700CF6D27 /* CopyFiles */ = {
			isa = PBXCopyFilesBuildPhase;
			buildActionMask = 2147483647;
			dstPath = /usr/share/man/man1/;
			dstSubfolderSpec = 0;
			files = (
				A882774D186BE97700CF6D27 /* StructChallenge.1 in CopyFiles */,
			);
			runOnlyForDeploymentPostprocessing = 1;
		};
/* End PBXCopyFilesBuildPhase section */

/* Begin PBXFileReference section */
		A8827747186BE97700CF6D27 /* StructChallenge */ = {isa = PBXFileReference; explicitFileType = "compiled.mach-o.executable"; includeInIndex = 0; path = StructChallenge; sourceTree = BUILT_PRODUCTS_DIR; };
		A882774A186BE97700CF6D27 /* main.c */ = {isa = PBXFileReference; lastKnownFileType = sourcecode.c.c; path = main.c; sourceTree = "<group>"; };
		A882774C186BE97700CF6D27 /* StructChallenge.1 */ = {isa = PBXFileReference; lastKnownFileType = text.man; path = StructChallenge.1; sourceTree = "<group>"; };
/* End PBXFileReference section */

/* Begin PBXFrameworksBuildPhase section */
		A8827744186BE97700CF6D27 /* Frameworks */ = {
			isa = PBXFrameworksBuildPhase;
			buildActionMask = 2147483647;
			files = (
			);
			runOnlyForDeploymentPostprocessing = 0;
		};
/* End PBXFrameworksBuildPhase section */

/* Begin PBXGroup section */
		A882773E186BE97700CF6D27 = {
			isa = PBXGroup;
			children = (
				A8827749186BE97700CF6D27 /* StructChallenge */,
				A8827748186BE97700CF6D27 /* Products */,
			);
			sourceTree = "<group>";
		};
		A8827748186BE97700CF6D27 /* Products */ = {
			isa = PBXGroup;
			children = (
				A8827747186BE97700CF6D27 /* StructChallenge */,
			);
			name = Products;
			sourceTree = "<group>";
		};
		A8827749186BE97700CF6D27 /* StructChallenge */ = {
			isa = PBXGroup;
			children = (
				A882774A186BE97700CF6D27 /* main.c */,
				A882774C186BE97700CF6D27 /* StructChallenge.1 */,
			);
			path = StructChallenge;
			sourceTree = "<group>";
		};
/* End PBXGroup section */

/* Begin PBXNativeTarget section */
		A8827746186BE97700CF6D27 /* StructChallenge */ = {
			isa = PBXNativeTarget;
			buildConfigurationList = A8827750186BE97700CF6D27 /* Build configuration list for PBXNativeTarget "StructChallenge" */;
			buildPhases = (
				A8827743186BE97700CF6D27 /* Sources */,
				A8827744186BE97700CF6D27 /* Frameworks */,
				A8827745186BE97700CF6D27 /* CopyFiles */,
			);
			buildRules = (
			);
			dependencies = (
			);
			name = StructChallenge;
			productName = StructChallenge;
			productReference = A8827747186BE97700CF6D27 /* StructChallenge */;
			productType = "com.apple.product-type.tool";
		};
/* End PBXNativeTarget section */

/* Begin PBXProject section */
		A882773F186BE97700CF6D27 /* Project object */ = {
			isa = PBXProject;
			attributes = {
				LastUpgradeCheck = 0460;
				ORGANIZATIONNAME = "Big Nerd Ranch";
			};
			buildConfigurationList = A8827742186BE97700CF6D27 /* Build configuration list for PBXProject "StructChallenge" */;
			compatibilityVersion = "Xcode 3.2";
			developmentRegion = English;
			hasScannedForEncodings = 0;
			knownRegions = (
				en,
			);
			mainGroup = A882773E186BE97700CF6D27;
			productRefGroup = A8827748186BE97700CF6D27 /* Products */;
			projectDirPath = "";
			projectRoot = "";
			targets = (
				A8827746186BE97700CF6D27 /* StructChallenge */,
			);
		};
/* End PBXProject section */

/* Begin PBXSourcesBuildPhase section */
		A8827743186BE97700CF6D27 /* Sources */ = {
			isa = PBXSourcesBuildPhase;
			buildActionMask = 2147483647;
			files = (
				A882774B186BE97700CF6D27 /* main.c in Sources */,
			);
			runOnlyForDeploymentPostprocessing = 0;
		};
/* End PBXSourcesBuildPhase section */

/* Begin XCBuildConfiguration section */
		A882774E186BE97700CF6D27 /* Debug */ = {
			isa = XCBuildConfiguration;
			buildSettings = {
				ALWAYS_SEARCH_USER_PATHS = NO;
				ARCHS = "$(ARCHS_STANDARD_64_BIT)";
				CLANG_CXX_LANGUAGE_STANDARD = "gnu++0x";
				CLANG_CXX_LIBRARY = "libc++";
				CLANG_ENABLE_OBJC_ARC = YES;
				CLANG_WARN_CONSTANT_CONVERSION = YES;
				CLANG_WARN_EMPTY_BODY = YES;
				CLANG_WARN_ENUM_CONVERSION = YES;
				CLANG_WARN_INT_CONVERSION = YES;
				CLANG_WARN__DUPLICATE_METHOD_MATCH = YES;
				COPY_PHASE_STRIP = NO;
				GCC_C_LANGUAGE_STANDARD = gnu99;
				GCC_DYNAMIC_NO_PIC = NO;
				GCC_ENABLE_OBJC_EXCEPTIONS = YES;
				GCC_OPTIMIZATION_LEVEL = 0;
				GCC_PREPROCESSOR_DEFINITIONS = (
					"DEBUG=1",
					"$(inherited)",
				);
				GCC_SYMBOLS_PRIVATE_EXTERN = NO;
				GCC_WARN_64_TO_32_BIT_CONVERSION = YES;
				GCC_WARN_ABOUT_RETURN_TYPE = YES;
				GCC_WARN_UNINITIALIZED_AUTOS = YES;
				GCC_WARN_UNUSED_VARIABLE = YES;
				MACOSX_DEPLOYMENT_TARGET = 10.8;
				ONLY_ACTIVE_ARCH = YES;
				SDKROOT = macosx;
			};
			name = Debug;
		};
		A882774F186BE97700CF6D27 /* Release */ = {
			isa = XCBuildConfiguration;
			buildSettings = {
				ALWAYS_SEARCH_USER_PATHS = NO;
				ARCHS = "$(ARCHS_STANDARD_64_BIT)";
				CLANG_CXX_LANGUAGE_STANDARD = "gnu++0x";
				CLANG_CXX_LIBRARY = "libc++";
				CLANG_ENABLE_OBJC_ARC = YES;
				CLANG_WARN_CONSTANT_CONVERSION = YES;
				CLANG_WARN_EMPTY_BODY = YES;
				CLANG_WARN_ENUM_CONVERSION = YES;
				CLANG_WARN_INT_CONVERSION = YES;
				CLANG_WARN__DUPLICATE_METHOD_MATCH = YES;
				COPY_PHASE_STRIP = YES;
				DEBUG_INFORMATION_FORMAT = "dwarf-with-dsym";
				GCC_C_LANGUAGE_STANDARD = gnu99;
				GCC_ENABLE_OBJC_EXCEPTIONS = YES;
				GCC_WARN_64_TO_32_BIT_CONVERSION = YES;
				GCC_WARN_ABOUT_RETURN_TYPE = YES;
				GCC_WARN_UNINITIALIZED_AUTOS = YES;
				GCC_WARN_UNUSED_VARIABLE = YES;
				MACOSX_DEPLOYMENT_TARGET = 10.8;
				SDKROOT = macosx;
			};
			name = Release;
		};
		A8827751186BE97700CF6D27 /* Debug */ = {
			isa = XCBuildConfiguration;
			buildSettings = {
				PRODUCT_NAME = "$(TARGET_NAME)";
			};
			name = Debug;
		};
		A8827752186BE97700CF6D27 /* Release */ = {
			isa = XCBuildConfiguration;
			buildSettings = {
				PRODUCT_NAME = "$(TARGET_NAME)";
			};
			name = Release;
		};
/* End XCBuildConfiguration section */

/* Begin XCConfigurationList section */
		A8827742186BE97700CF6D27 /* Build configuration list for PBXProject "StructChallenge" */ = {
			isa = XCConfigurationList;
			buildConfigurations = (
				A882774E186BE97700CF6D27 /* Debug */,
				A882774F186BE97700CF6D27 /* Release */,
			);
			defaultConfigurationIsVisible = 0;
			defaultConfigurationName = Release;
		};
		A8827750186BE97700CF6D27 /* Build configuration list for PBXNativeTarget "StructChallenge" */ = {
			isa = XCConfigurationList;
			buildConfigurations = (
				A8827751186BE97700CF6D27 /* Debug */,
				A8827752186BE97700CF6D27 /* Release */,
			);
			defaultConfigurationIsVisible = 0;
		};
/* End XCConfigurationList section */
	};
	rootObject = A882773F186BE97700CF6D27 /* Project object */;
}
